
Microsoft Visual Studio Solution File, Format Version 11.00
# Visual C# Express 2010
Project("{FAE04EC0-301F-11D3-BF4B-00C04F79EFBC}") = "WarmUp1", "WarmUp1\WarmUp1.csproj", "{9DC9200C-A91A-412D-92D7-7880A1998ABB}"
EndProject
Global
	GlobalSection(SolutionConfigurationPlatforms) = preSolution
		Debug|x86 = Debug|x86
		Release|x86 = Release|x86
	EndGlobalSection
	GlobalSection(ProjectConfigurationPlatforms) = postSolution
		{9DC9200C-A91A-412D-92D7-7880A1998ABB}.Debug|x86.ActiveCfg = Debug|x86
		{9DC9200C-A91A-412D-92D7-7880A1998ABB}.Debug|x86.Build.0 = Debug|x86
		{9DC9200C-A91A-412D-92D7-7880A1998ABB}.Release|x86.ActiveCfg = Release|x86
		{9DC9200C-A91A-412D-92D7-7880A1998ABB}.Release|x86.Build.0 = Release|x86
	EndGlobalSection
	GlobalSection(SolutionProperties) = preSolution
		HideSolutionNode = FALSE
	EndGlobalSection
EndGlobal
